
Microsoft Visual Studio Solution File, Format Version 12.00
# Visual Studio Version 17
VisualStudioVersion = 17.2.32616.157
MinimumVisualStudioVersion = 10.0.40219.1
Project("{FAE04EC0-301F-11D3-BF4B-00C04F79EFBC}") = "EVA_Aufg1", "EVA_Aufg1\EVA_Aufg1.csproj", "{311368DD-D42B-4E54-B855-AF0F8B9BA53D}"
EndProject
Global
	GlobalSection(SolutionConfigurationPlatforms) = preSolution
		Debug|Any CPU = Debug|Any CPU
		Release|Any CPU = Release|Any CPU
	EndGlobalSection
	GlobalSection(ProjectConfigurationPlatforms) = postSolution
		{311368DD-D42B-4E54-B855-AF0F8B9BA53D}.Debug|Any CPU.ActiveCfg = Debug|Any CPU
		{311368DD-D42B-4E54-B855-AF0F8B9BA53D}.Debug|Any CPU.Build.0 = Debug|Any CPU
		{311368DD-D42B-4E54-B855-AF0F8B9BA53D}.Release|Any CPU.ActiveCfg = Release|Any CPU
		{311368DD-D42B-4E54-B855-AF0F8B9BA53D}.Release|Any CPU.Build.0 = Release|Any CPU
	EndGlobalSection
	GlobalSection(SolutionProperties) = preSolution
		HideSolutionNode = FALSE
	EndGlobalSection
	GlobalSection(ExtensibilityGlobals) = postSolution
		SolutionGuid = {5FE3D2C6-E0FA-4350-B620-E94AA6854230}
	EndGlobalSection
EndGlobal
