
Microsoft Visual Studio Solution File, Format Version 12.00
# Visual Studio Version 17
VisualStudioVersion = 17.2.32616.157
MinimumVisualStudioVersion = 10.0.40219.1
Project("{FAE04EC0-301F-11D3-BF4B-00C04F79EFBC}") = "geometrischeFiguren", "\lbk-fs01\nfsstudentsroot\SchereAlek14\Eigene Dateien\VSCode\repos\geometrischeFiguren\geometrischeFiguren\geometrischeFiguren.csproj", "{16D3AA06-EE2B-4F1A-A055-54519818E42E}"
EndProject
Global
	GlobalSection(SolutionConfigurationPlatforms) = preSolution
		Debug|Any CPU = Debug|Any CPU
		Release|Any CPU = Release|Any CPU
	EndGlobalSection
	GlobalSection(ProjectConfigurationPlatforms) = postSolution
		{16D3AA06-EE2B-4F1A-A055-54519818E42E}.Debug|Any CPU.ActiveCfg = Debug|Any CPU
		{16D3AA06-EE2B-4F1A-A055-54519818E42E}.Debug|Any CPU.Build.0 = Debug|Any CPU
		{16D3AA06-EE2B-4F1A-A055-54519818E42E}.Release|Any CPU.ActiveCfg = Release|Any CPU
		{16D3AA06-EE2B-4F1A-A055-54519818E42E}.Release|Any CPU.Build.0 = Release|Any CPU
	EndGlobalSection
	GlobalSection(SolutionProperties) = preSolution
		HideSolutionNode = FALSE
	EndGlobalSection
	GlobalSection(ExtensibilityGlobals) = postSolution
		SolutionGuid = {6AA3BE5E-E311-4DEC-8772-B4138C66B43D}
	EndGlobalSection
EndGlobal
